// !$*UTF8*$!
{
	archiveVersion = 1;
	classes = {
	};
	objectVersion = 50;
	objects = {

/* Begin PBXBuildFile section */
		8B4753A520C38301001CC4D3 /* AppDelegate.swift in Sources */ = {isa = PBXBuildFile; fileRef = 8B4753A420C38301001CC4D3 /* AppDelegate.swift */; };
		8B4753A920C38301001CC4D3 /* ViewController.swift in Sources */ = {isa = PBXBuildFile; fileRef = 8B4753A820C38301001CC4D3 /* ViewController.swift */; };
		8B4753AC20C38301001CC4D3 /* Main.storyboard in Resources */ = {isa = PBXBuildFile; fileRef = 8B4753AA20C38301001CC4D3 /* Main.storyboard */; };
		8B4753AE20C38304001CC4D3 /* Assets.xcassets in Resources */ = {isa = PBXBuildFile; fileRef = 8B4753AD20C38304001CC4D3 /* Assets.xcassets */; };
		8B4753B120C38304001CC4D3 /* LaunchScreen.storyboard in Resources */ = {isa = PBXBuildFile; fileRef = 8B4753AF20C38304001CC4D3 /* LaunchScreen.storyboard */; };
		8B70FE4420D2D995004E1674 /* Resnet50.mlmodel in Sources */ = {isa = PBXBuildFile; fileRef = 8B4753BD20C399CC001CC4D3 /* Resnet50.mlmodel */; };
/* End PBXBuildFile section */

/* Begin PBXFileReference section */
		8B4753A120C38301001CC4D3 /* CoreML AR Identifier.app */ = {isa = PBXFileReference; explicitFileType = wrapper.application; includeInIndex = 0; path = "CoreML AR Identifier.app"; sourceTree = BUILT_PRODUCTS_DIR; };
		8B4753A420C38301001CC4D3 /* AppDelegate.swift */ = {isa = PBXFileReference; lastKnownFileType = sourcecode.swift; path = AppDelegate.swift; sourceTree = "<group>"; };
		8B4753A820C38301001CC4D3 /* ViewController.swift */ = {isa = PBXFileReference; lastKnownFileType = sourcecode.swift; path = ViewController.swift; sourceTree = "<group>"; };
		8B4753AB20C38301001CC4D3 /* Base */ = {isa = PBXFileReference; lastKnownFileType = file.storyboard; name = Base; path = Base.lproj/Main.storyboard; sourceTree = "<group>"; };
		8B4753AD20C38304001CC4D3 /* Assets.xcassets */ = {isa = PBXFileReference; lastKnownFileType = folder.assetcatalog; path = Assets.xcassets; sourceTree = "<group>"; };
		8B4753B020C38304001CC4D3 /* Base */ = {isa = PBXFileReference; lastKnownFileType = file.storyboard; name = Base; path = Base.lproj/LaunchScreen.storyboard; sourceTree = "<group>"; };
		8B4753B220C38304001CC4D3 /* Info.plist */ = {isa = PBXFileReference; lastKnownFileType = text.plist.xml; path = Info.plist; sourceTree = "<group>"; };
		8B4753BD20C399CC001CC4D3 /* Resnet50.mlmodel */ = {isa = PBXFileReference; lastKnownFileType = file.mlmodel; path = Resnet50.mlmodel; sourceTree = "<group>"; };
/* End PBXFileReference section */

/* Begin PBXFrameworksBuildPhase section */
		8B47539E20C38301001CC4D3 /* Frameworks */ = {
			isa = PBXFrameworksBuildPhase;
			buildActionMask = 2147483647;
			files = (
			);
			runOnlyForDeploymentPostprocessing = 0;
		};
/* End PBXFrameworksBuildPhase section */

/* Begin PBXGroup section */
		8B47539820C38301001CC4D3 = {
			isa = PBXGroup;
			children = (
				8B4753A320C38301001CC4D3 /* CoreML AR Identifier */,
				8B4753A220C38301001CC4D3 /* Products */,
			);
			sourceTree = "<group>";
		};
		8B4753A220C38301001CC4D3 /* Products */ = {
			isa = PBXGroup;
			children = (
				8B4753A120C38301001CC4D3 /* CoreML AR Identifier.app */,
			);
			name = Products;
			sourceTree = "<group>";
		};
		8B4753A320C38301001CC4D3 /* CoreML AR Identifier */ = {
			isa = PBXGroup;
			children = (
				8B4753BD20C399CC001CC4D3 /* Resnet50.mlmodel */,
				8B4753A420C38301001CC4D3 /* AppDelegate.swift */,
				8B4753A820C38301001CC4D3 /* ViewController.swift */,
				8B4753AA20C38301001CC4D3 /* Main.storyboard */,
				8B4753AD20C38304001CC4D3 /* Assets.xcassets */,
				8B4753AF20C38304001CC4D3 /* LaunchScreen.storyboard */,
				8B4753B220C38304001CC4D3 /* Info.plist */,
			);
			path = "CoreML AR Identifier";
			sourceTree = "<group>";
		};
/* End PBXGroup section */

/* Begin PBXNativeTarget section */
		8B4753A020C38301001CC4D3 /* CoreML AR Identifier */ = {
			isa = PBXNativeTarget;
			buildConfigurationList = 8B4753B520C38304001CC4D3 /* Build configuration list for PBXNativeTarget "CoreML AR Identifier" */;
			buildPhases = (
				8B47539D20C38301001CC4D3 /* Sources */,
				8B47539E20C38301001CC4D3 /* Frameworks */,
				8B47539F20C38301001CC4D3 /* Resources */,
			);
			buildRules = (
			);
			dependencies = (
			);
			name = "CoreML AR Identifier";
			productName = "CoreML AR Identifier";
			productReference = 8B4753A120C38301001CC4D3 /* CoreML AR Identifier.app */;
			productType = "com.apple.product-type.application";
		};
/* End PBXNativeTarget section */

/* Begin PBXProject section */
		8B47539920C38301001CC4D3 /* Project object */ = {
			isa = PBXProject;
			attributes = {
				LastSwiftUpdateCheck = 0940;
				LastUpgradeCheck = 0940;
				ORGANIZATIONNAME = "Steven Hedges";
				TargetAttributes = {
					8B4753A020C38301001CC4D3 = {
						CreatedOnToolsVersion = 9.4;
					};
				};
			};
			buildConfigurationList = 8B47539C20C38301001CC4D3 /* Build configuration list for PBXProject "CoreML AR Identifier" */;
			compatibilityVersion = "Xcode 9.3";
			developmentRegion = en;
			hasScannedForEncodings = 0;
			knownRegions = (
				en,
				Base,
			);
			mainGroup = 8B47539820C38301001CC4D3;
			productRefGroup = 8B4753A220C38301001CC4D3 /* Products */;
			projectDirPath = "";
			projectRoot = "";
			targets = (
				8B4753A020C38301001CC4D3 /* CoreML AR Identifier */,
			);
		};
/* End PBXProject section */

/* Begin PBXResourcesBuildPhase section */
		8B47539F20C38301001CC4D3 /* Resources */ = {
			isa = PBXResourcesBuildPhase;
			buildActionMask = 2147483647;
			files = (
				8B4753B120C38304001CC4D3 /* LaunchScreen.storyboard in Resources */,
				8B4753AE20C38304001CC4D3 /* Assets.xcassets in Resources */,
				8B4753AC20C38301001CC4D3 /* Main.storyboard in Resources */,
			);
			runOnlyForDeploymentPostprocessing = 0;
		};
/* End PBXResourcesBuildPhase section */

/* Begin PBXSourcesBuildPhase section */
		8B47539D20C38301001CC4D3 /* Sources */ = {
			isa = PBXSourcesBuildPhase;
			buildActionMask = 2147483647;
			files = (
				8B4753A920C38301001CC4D3 /* ViewController.swift in Sources */,
				8B70FE4420D2D995004E1674 /* Resnet50.mlmodel in Sources */,
				8B4753A520C38301001CC4D3 /* AppDelegate.swift in Sources */,
			);
			runOnlyForDeploymentPostprocessing = 0;
		};
/* End PBXSourcesBuildPhase section */

/* Begin PBXVariantGroup section */
		8B4753AA20C38301001CC4D3 /* Main.storyboard */ = {
			isa = PBXVariantGroup;
			children = (
				8B4753AB20C38301001CC4D3 /* Base */,
			);
			name = Main.storyboard;
			sourceTree = "<group>";
		};
		8B4753AF20C38304001CC4D3 /* LaunchScreen.storyboard */ = {
			isa = PBXVariantGroup;
			children = (
				8B4753B020C38304001CC4D3 /* Base */,
			);
			name = LaunchScreen.storyboard;
			sourceTree = "<group>";
		};
/* End PBXVariantGroup section */

/* Begin XCBuildConfiguration section */
		8B4753B320C38304001CC4D3 /* Debug */ = {
			isa = XCBuildConfiguration;
			buildSettings = {
				ALWAYS_SEARCH_USER_PATHS = NO;
				CLANG_ANALYZER_NONNULL = YES;
				CLANG_ANALYZER_NUMBER_OBJECT_CONVERSION = YES_AGGRESSIVE;
				CLANG_CXX_LANGUAGE_STANDARD = "gnu++14";
				CLANG_CXX_LIBRARY = "libc++";
				CLANG_ENABLE_MODULES = YES;
				CLANG_ENABLE_OBJC_ARC = YES;
				CLANG_ENABLE_OBJC_WEAK = YES;
				CLANG_WARN_BLOCK_CAPTURE_AUTORELEASING = YES;
				CLANG_WARN_BOOL_CONVERSION = YES;
				CLANG_WARN_COMMA = YES;
				CLANG_WARN_CONSTANT_CONVERSION = YES;
				CLANG_WARN_DEPRECATED_OBJC_IMPLEMENTATIONS = YES;
				CLANG_WARN_DIRECT_OBJC_ISA_USAGE = YES_ERROR;
				CLANG_WARN_DOCUMENTATION_COMMENTS = YES;
				CLANG_WARN_EMPTY_BODY = YES;
				CLANG_WARN_ENUM_CONVERSION = YES;
				CLANG_WARN_INFINITE_RECURSION = YES;
				CLANG_WARN_INT_CONVERSION = YES;
				CLANG_WARN_NON_LITERAL_NULL_CONVERSION = YES;
				CLANG_WARN_OBJC_IMPLICIT_RETAIN_SELF = YES;
				CLANG_WARN_OBJC_LITERAL_CONVERSION = YES;
				CLANG_WARN_OBJC_ROOT_CLASS = YES_ERROR;
				CLANG_WARN_RANGE_LOOP_ANALYSIS = YES;
				CLANG_WARN_STRICT_PROTOTYPES = YES;
				CLANG_WARN_SUSPICIOUS_MOVE = YES;
				CLANG_WARN_UNGUARDED_AVAILABILITY = YES_AGGRESSIVE;
				CLANG_WARN_UNREACHABLE_CODE = YES;
				CLANG_WARN__DUPLICATE_METHOD_MATCH = YES;
				CODE_SIGN_IDENTITY = "iPhone Developer";
				COPY_PHASE_STRIP = NO;
				DEBUG_INFORMATION_FORMAT = dwarf;
				ENABLE_STRICT_OBJC_MSGSEND = YES;
				ENABLE_TESTABILITY = YES;
				GCC_C_LANGUAGE_STANDARD = gnu11;
				GCC_DYNAMIC_NO_PIC = NO;
				GCC_NO_COMMON_BLOCKS = YES;
				GCC_OPTIMIZATION_LEVEL = 0;
				GCC_PREPROCESSOR_DEFINITIONS = (
					"DEBUG=1",
					"$(inherited)",
				);
				GCC_WARN_64_TO_32_BIT_CONVERSION = YES;
				GCC_WARN_ABOUT_RETURN_TYPE = YES_ERROR;
				GCC_WARN_UNDECLARED_SELECTOR = YES;
				GCC_WARN_UNINITIALIZED_AUTOS = YES_AGGRESSIVE;
				GCC_WARN_UNUSED_FUNCTION = YES;
				GCC_WARN_UNUSED_VARIABLE = YES;
				IPHONEOS_DEPLOYMENT_TARGET = 11.4;
				MTL_ENABLE_DEBUG_INFO = YES;
				ONLY_ACTIVE_ARCH = YES;
				SDKROOT = iphoneos;
				SWIFT_ACTIVE_COMPILATION_CONDITIONS = DEBUG;
				SWIFT_OPTIMIZATION_LEVEL = "-Onone";
			};
			name = Debug;
		};
		8B4753B420C38304001CC4D3 /* Release */ = {
			isa = XCBuildConfiguration;
			buildSettings = {
				ALWAYS_SEARCH_USER_PATHS = NO;
				CLANG_ANALYZER_NONNULL = YES;
				CLANG_ANALYZER_NUMBER_OBJECT_CONVERSION = YES_AGGRESSIVE;
				CLANG_CXX_LANGUAGE_STANDARD = "gnu++14";
				CLANG_CXX_LIBRARY = "libc++";
				CLANG_ENABLE_MODULES = YES;
				CLANG_ENABLE_OBJC_ARC = YES;
				CLANG_ENABLE_OBJC_WEAK = YES;
				CLANG_WARN_BLOCK_CAPTURE_AUTORELEASING = YES;
				CLANG_WARN_BOOL_CONVERSION = YES;
				CLANG_WARN_COMMA = YES;
				CLANG_WARN_CONSTANT_CONVERSION = YES;
				CLANG_WARN_DEPRECATED_OBJC_IMPLEMENTATIONS = YES;
				CLANG_WARN_DIRECT_OBJC_ISA_USAGE = YES_ERROR;
				CLANG_WARN_DOCUMENTATION_COMMENTS = YES;
				CLANG_WARN_EMPTY_BODY = YES;
				CLANG_WARN_ENUM_CONVERSION = YES;
				CLANG_WARN_INFINITE_RECURSION = YES;
				CLANG_WARN_INT_CONVERSION = YES;
				CLANG_WARN_NON_LITERAL_NULL_CONVERSION = YES;
				CLANG_WARN_OBJC_IMPLICIT_RETAIN_SELF = YES;
				CLANG_WARN_OBJC_LITERAL_CONVERSION = YES;
				CLANG_WARN_OBJC_ROOT_CLASS = YES_ERROR;
				CLANG_WARN_RANGE_LOOP_ANALYSIS = YES;
				CLANG_WARN_STRICT_PROTOTYPES = YES;
				CLANG_WARN_SUSPICIOUS_MOVE = YES;
				CLANG_WARN_UNGUARDED_AVAILABILITY = YES_AGGRESSIVE;
				CLANG_WARN_UNREACHABLE_CODE = YES;
				CLANG_WARN__DUPLICATE_METHOD_MATCH = YES;
				CODE_SIGN_IDENTITY = "iPhone Developer";
				COPY_PHASE_STRIP = NO;
				DEBUG_INFORMATION_FORMAT = "dwarf-with-dsym";
				ENABLE_NS_ASSERTIONS = NO;
				ENABLE_STRICT_OBJC_MSGSEND = YES;
				GCC_C_LANGUAGE_STANDARD = gnu11;
				GCC_NO_COMMON_BLOCKS = YES;
				GCC_WARN_64_TO_32_BIT_CONVERSION = YES;
				GCC_WARN_ABOUT_RETURN_TYPE = YES_ERROR;
				GCC_WARN_UNDECLARED_SELECTOR = YES;
				GCC_WARN_UNINITIALIZED_AUTOS = YES_AGGRESSIVE;
				GCC_WARN_UNUSED_FUNCTION = YES;
				GCC_WARN_UNUSED_VARIABLE = YES;
				IPHONEOS_DEPLOYMENT_TARGET = 11.4;
				MTL_ENABLE_DEBUG_INFO = NO;
				SDKROOT = iphoneos;
				SWIFT_COMPILATION_MODE = wholemodule;
				SWIFT_OPTIMIZATION_LEVEL = "-O";
				VALIDATE_PRODUCT = YES;
			};
			name = Release;
		};
		8B4753B620C38304001CC4D3 /* Debug */ = {
			isa = XCBuildConfiguration;
			buildSettings = {
				ASSETCATALOG_COMPILER_APPICON_NAME = AppIcon;
				CODE_SIGN_STYLE = Automatic;
				DEVELOPMENT_TEAM = 4GJ7GJC5ZG;
				INFOPLIST_FILE = "CoreML AR Identifier/Info.plist";
				LD_RUNPATH_SEARCH_PATHS = (
					"$(inherited)",
					"@executable_path/Frameworks",
				);
				PRODUCT_BUNDLE_IDENTIFIER = "com.stevenhedges.CoreML-AR-Identifier";
				PRODUCT_NAME = "$(TARGET_NAME)";
				SWIFT_VERSION = 4.0;
				TARGETED_DEVICE_FAMILY = "1,2";
			};
			name = Debug;
		};
		8B4753B720C38304001CC4D3 /* Release */ = {
			isa = XCBuildConfiguration;
			buildSettings = {
				ASSETCATALOG_COMPILER_APPICON_NAME = AppIcon;
				CODE_SIGN_STYLE = Automatic;
				DEVELOPMENT_TEAM = 4GJ7GJC5ZG;
				INFOPLIST_FILE = "CoreML AR Identifier/Info.plist";
				LD_RUNPATH_SEARCH_PATHS = (
					"$(inherited)",
					"@executable_path/Frameworks",
				);
				PRODUCT_BUNDLE_IDENTIFIER = "com.stevenhedges.CoreML-AR-Identifier";
				PRODUCT_NAME = "$(TARGET_NAME)";
				SWIFT_VERSION = 4.0;
				TARGETED_DEVICE_FAMILY = "1,2";
			};
			name = Release;
		};
/* End XCBuildConfiguration section */

/* Begin XCConfigurationList section */
		8B47539C20C38301001CC4D3 /* Build configuration list for PBXProject "CoreML AR Identifier" */ = {
			isa = XCConfigurationList;
			buildConfigurations = (
				8B4753B320C38304001CC4D3 /* Debug */,
				8B4753B420C38304001CC4D3 /* Release */,
			);
			defaultConfigurationIsVisible = 0;
			defaultConfigurationName = Release;
		};
		8B4753B520C38304001CC4D3 /* Build configuration list for PBXNativeTarget "CoreML AR Identifier" */ = {
			isa = XCConfigurationList;
			buildConfigurations = (
				8B4753B620C38304001CC4D3 /* Debug */,
				8B4753B720C38304001CC4D3 /* Release */,
			);
			defaultConfigurationIsVisible = 0;
			defaultConfigurationName = Release;
		};
/* End XCConfigurationList section */
	};
	rootObject = 8B47539920C38301001CC4D3 /* Project object */;
}
